
Microsoft Visual Studio Solution File, Format Version 12.00
# Visual Studio 15
VisualStudioVersion = 15.0.28307.1927
MinimumVisualStudioVersion = 10.0.40219.1
Project("{8BC9CEB8-8B4A-11D0-8D11-00A0C91BC942}") = "IPCTestDemo_616", "IPCTestDemo\IPCTestDemo.vcxproj", "{98E7AB22-6B2D-42C8-8ADD-F5ABE234B81F}"
EndProject
Global
	GlobalSection(SolutionConfigurationPlatforms) = preSolution
		Debug|x64 = Debug|x64
		Release|x64 = Release|x64
	EndGlobalSection
	GlobalSection(ProjectConfigurationPlatforms) = postSolution
		{98E7AB22-6B2D-42C8-8ADD-F5ABE234B81F}.Debug|x64.ActiveCfg = Debug|x64
		{98E7AB22-6B2D-42C8-8ADD-F5ABE234B81F}.Debug|x64.Build.0 = Debug|x64
		{98E7AB22-6B2D-42C8-8ADD-F5ABE234B81F}.Release|x64.ActiveCfg = Release|x64
		{98E7AB22-6B2D-42C8-8ADD-F5ABE234B81F}.Release|x64.Build.0 = Release|x64
	EndGlobalSection
	GlobalSection(SolutionProperties) = preSolution
		HideSolutionNode = FALSE
	EndGlobalSection
	GlobalSection(ExtensibilityGlobals) = postSolution
		SolutionGuid = {2670AAC1-736F-41EE-B9EE-2AF3E67E4BAD}
	EndGlobalSection
EndGlobal
